// !$*UTF8*$!
{
	archiveVersion = 1;
	classes = {
	};
	objectVersion = 46;
	objects = {

/* Begin PBXBuildFile section */
		708509021C56746C0039E403 /* NSArray+Log.m in Sources */ = {isa = PBXBuildFile; fileRef = 708508F91C56746C0039E403 /* NSArray+Log.m */; };
		708509031C56746C0039E403 /* NSDate+Ext.m in Sources */ = {isa = PBXBuildFile; fileRef = 708508FB1C56746C0039E403 /* NSDate+Ext.m */; };
		708509041C56746C0039E403 /* UIBarButtonItem+Ext.m in Sources */ = {isa = PBXBuildFile; fileRef = 708508FD1C56746C0039E403 /* UIBarButtonItem+Ext.m */; };
		708509051C56746C0039E403 /* UIImage+Ext.m in Sources */ = {isa = PBXBuildFile; fileRef = 708508FF1C56746C0039E403 /* UIImage+Ext.m */; };
		708509061C56746C0039E403 /* UIView+DD.m in Sources */ = {isa = PBXBuildFile; fileRef = 708509011C56746C0039E403 /* UIView+DD.m */; };
		C552E04E1BEE6500006453CC /* AppDelegate.m in Sources */ = {isa = PBXBuildFile; fileRef = C552E0311BEE6500006453CC /* AppDelegate.m */; };
		C552E04F1BEE6500006453CC /* Assets.xcassets in Resources */ = {isa = PBXBuildFile; fileRef = C552E0321BEE6500006453CC /* Assets.xcassets */; };
		C552E0501BEE6500006453CC /* LaunchScreen.storyboard in Resources */ = {isa = PBXBuildFile; fileRef = C552E0331BEE6500006453CC /* LaunchScreen.storyboard */; };
		C552E0511BEE6500006453CC /* BaseNavcVC.m in Sources */ = {isa = PBXBuildFile; fileRef = C552E0361BEE6500006453CC /* BaseNavcVC.m */; };
		C552E0521BEE6500006453CC /* ExampleCellItem.m in Sources */ = {isa = PBXBuildFile; fileRef = C552E0381BEE6500006453CC /* ExampleCellItem.m */; };
		C552E0531BEE6500006453CC /* FirstTableVC.m in Sources */ = {isa = PBXBuildFile; fileRef = C552E03B1BEE6500006453CC /* FirstTableVC.m */; };
		C552E0541BEE6500006453CC /* basicGraphicText.m in Sources */ = {isa = PBXBuildFile; fileRef = C552E03E1BEE6500006453CC /* basicGraphicText.m */; };
		C552E0551BEE6500006453CC /* GraphicTextMixedViewController.m in Sources */ = {isa = PBXBuildFile; fileRef = C552E0401BEE6500006453CC /* GraphicTextMixedViewController.m */; };
		C552E0561BEE6500006453CC /* GraphicTextMixedViewController.xib in Resources */ = {isa = PBXBuildFile; fileRef = C552E0411BEE6500006453CC /* GraphicTextMixedViewController.xib */; };
		C552E0581BEE6500006453CC /* main.m in Sources */ = {isa = PBXBuildFile; fileRef = C552E0441BEE6500006453CC /* main.m */; };
		C552E0591BEE6500006453CC /* MainVC.m in Sources */ = {isa = PBXBuildFile; fileRef = C552E0461BEE6500006453CC /* MainVC.m */; };
		C552E05A1BEE6500006453CC /* SecondTableVC.m in Sources */ = {isa = PBXBuildFile; fileRef = C552E0491BEE6500006453CC /* SecondTableVC.m */; };
		C552E05B1BEE6500006453CC /* TestVC01.m in Sources */ = {isa = PBXBuildFile; fileRef = C552E04C1BEE6500006453CC /* TestVC01.m */; };
		C552E05C1BEE6500006453CC /* TestVC01.xib in Resources */ = {isa = PBXBuildFile; fileRef = C552E04D1BEE6500006453CC /* TestVC01.xib */; };
		C58861E91BE4D2AD008AB8D3 /* main.m in Sources */ = {isa = PBXBuildFile; fileRef = C58861E81BE4D2AD008AB8D3 /* main.m */; };
		C58861EC1BE4D2AD008AB8D3 /* AppDelegate.m in Sources */ = {isa = PBXBuildFile; fileRef = C58861EB1BE4D2AD008AB8D3 /* AppDelegate.m */; };
		C58861F41BE4D2AD008AB8D3 /* Assets.xcassets in Resources */ = {isa = PBXBuildFile; fileRef = C58861F31BE4D2AD008AB8D3 /* Assets.xcassets */; };
		C58861F71BE4D2AD008AB8D3 /* LaunchScreen.storyboard in Resources */ = {isa = PBXBuildFile; fileRef = C58861F51BE4D2AD008AB8D3 /* LaunchScreen.storyboard */; };
		C58861FE1BE4D7CD008AB8D3 /* NavcViewController.m in Sources */ = {isa = PBXBuildFile; fileRef = C58861FD1BE4D7CD008AB8D3 /* NavcViewController.m */; };
		C58862011BE4D80D008AB8D3 /* SettingTableVC.m in Sources */ = {isa = PBXBuildFile; fileRef = C58862001BE4D80D008AB8D3 /* SettingTableVC.m */; };
		C58862211BE4E2FE008AB8D3 /* SettingItem.m in Sources */ = {isa = PBXBuildFile; fileRef = C58862201BE4E2FE008AB8D3 /* SettingItem.m */; };
		C58862241BE4E513008AB8D3 /* SettingArrowDestItem.m in Sources */ = {isa = PBXBuildFile; fileRef = C58862231BE4E513008AB8D3 /* SettingArrowDestItem.m */; };
		C58862271BE4E579008AB8D3 /* SettingGroup.m in Sources */ = {isa = PBXBuildFile; fileRef = C58862261BE4E579008AB8D3 /* SettingGroup.m */; };
		C5C719A61BE6D43800C99C2B /* TestVC.m in Sources */ = {isa = PBXBuildFile; fileRef = C5C719A41BE6D43800C99C2B /* TestVC.m */; };
		C5C719A71BE6D43800C99C2B /* TestVC.xib in Resources */ = {isa = PBXBuildFile; fileRef = C5C719A51BE6D43800C99C2B /* TestVC.xib */; };
		C5C719AB1BE6D67100C99C2B /* SettingCell.m in Sources */ = {isa = PBXBuildFile; fileRef = C5C719AA1BE6D67100C99C2B /* SettingCell.m */; };
/* End PBXBuildFile section */

/* Begin PBXFileReference section */
		30C9DD1EDA5C07FCBA8D1370 /* Pods.release.xcconfig */ = {isa = PBXFileReference; includeInIndex = 1; lastKnownFileType = text.xcconfig; name = Pods.release.xcconfig; path = "Pods/Target Support Files/Pods/Pods.release.xcconfig"; sourceTree = "<group>"; };
		4A880D62DAE6363013C30853 /* libPods.a */ = {isa = PBXFileReference; explicitFileType = archive.ar; includeInIndex = 0; path = libPods.a; sourceTree = BUILT_PRODUCTS_DIR; };
		708508F81C56746C0039E403 /* NSArray+Log.h */ = {isa = PBXFileReference; fileEncoding = 4; lastKnownFileType = sourcecode.c.h; path = "NSArray+Log.h"; sourceTree = "<group>"; };
		708508F91C56746C0039E403 /* NSArray+Log.m */ = {isa = PBXFileReference; fileEncoding = 4; lastKnownFileType = sourcecode.c.objc; path = "NSArray+Log.m"; sourceTree = "<group>"; };
		708508FA1C56746C0039E403 /* NSDate+Ext.h */ = {isa = PBXFileReference; fileEncoding = 4; lastKnownFileType = sourcecode.c.h; path = "NSDate+Ext.h"; sourceTree = "<group>"; };
		708508FB1C56746C0039E403 /* NSDate+Ext.m */ = {isa = PBXFileReference; fileEncoding = 4; lastKnownFileType = sourcecode.c.objc; path = "NSDate+Ext.m"; sourceTree = "<group>"; };
		708508FC1C56746C0039E403 /* UIBarButtonItem+Ext.h */ = {isa = PBXFileReference; fileEncoding = 4; lastKnownFileType = sourcecode.c.h; path = "UIBarButtonItem+Ext.h"; sourceTree = "<group>"; };
		708508FD1C56746C0039E403 /* UIBarButtonItem+Ext.m */ = {isa = PBXFileReference; fileEncoding = 4; lastKnownFileType = sourcecode.c.objc; path = "UIBarButtonItem+Ext.m"; sourceTree = "<group>"; };
		708508FE1C56746C0039E403 /* UIImage+Ext.h */ = {isa = PBXFileReference; fileEncoding = 4; lastKnownFileType = sourcecode.c.h; path = "UIImage+Ext.h"; sourceTree = "<group>"; };
		708508FF1C56746C0039E403 /* UIImage+Ext.m */ = {isa = PBXFileReference; fileEncoding = 4; lastKnownFileType = sourcecode.c.objc; path = "UIImage+Ext.m"; sourceTree = "<group>"; };
		708509001C56746C0039E403 /* UIView+DD.h */ = {isa = PBXFileReference; fileEncoding = 4; lastKnownFileType = sourcecode.c.h; path = "UIView+DD.h"; sourceTree = "<group>"; };
		708509011C56746C0039E403 /* UIView+DD.m */ = {isa = PBXFileReference; fileEncoding = 4; lastKnownFileType = sourcecode.c.objc; path = "UIView+DD.m"; sourceTree = "<group>"; };
		C552E0301BEE6500006453CC /* AppDelegate.h */ = {isa = PBXFileReference; fileEncoding = 4; lastKnownFileType = sourcecode.c.h; path = AppDelegate.h; sourceTree = "<group>"; };
		C552E0311BEE6500006453CC /* AppDelegate.m */ = {isa = PBXFileReference; fileEncoding = 4; lastKnownFileType = sourcecode.c.objc; path = AppDelegate.m; sourceTree = "<group>"; };
		C552E0321BEE6500006453CC /* Assets.xcassets */ = {isa = PBXFileReference; lastKnownFileType = folder.assetcatalog; path = Assets.xcassets; sourceTree = "<group>"; };
		C552E0341BEE6500006453CC /* Base */ = {isa = PBXFileReference; lastKnownFileType = file.storyboard; name = Base; path = Base.lproj/LaunchScreen.storyboard; sourceTree = "<group>"; };
		C552E0351BEE6500006453CC /* BaseNavcVC.h */ = {isa = PBXFileReference; fileEncoding = 4; lastKnownFileType = sourcecode.c.h; path = BaseNavcVC.h; sourceTree = "<group>"; };
		C552E0361BEE6500006453CC /* BaseNavcVC.m */ = {isa = PBXFileReference; fileEncoding = 4; lastKnownFileType = sourcecode.c.objc; path = BaseNavcVC.m; sourceTree = "<group>"; };
		C552E0371BEE6500006453CC /* ExampleCellItem.h */ = {isa = PBXFileReference; fileEncoding = 4; lastKnownFileType = sourcecode.c.h; path = ExampleCellItem.h; sourceTree = "<group>"; };
		C552E0381BEE6500006453CC /* ExampleCellItem.m */ = {isa = PBXFileReference; fileEncoding = 4; lastKnownFileType = sourcecode.c.objc; path = ExampleCellItem.m; sourceTree = "<group>"; };
		C552E03A1BEE6500006453CC /* FirstTableVC.h */ = {isa = PBXFileReference; fileEncoding = 4; lastKnownFileType = sourcecode.c.h; path = FirstTableVC.h; sourceTree = "<group>"; };
		C552E03B1BEE6500006453CC /* FirstTableVC.m */ = {isa = PBXFileReference; fileEncoding = 4; lastKnownFileType = sourcecode.c.objc; path = FirstTableVC.m; sourceTree = "<group>"; };
		C552E03D1BEE6500006453CC /* basicGraphicText.h */ = {isa = PBXFileReference; fileEncoding = 4; lastKnownFileType = sourcecode.c.h; path = basicGraphicText.h; sourceTree = "<group>"; };
		C552E03E1BEE6500006453CC /* basicGraphicText.m */ = {isa = PBXFileReference; fileEncoding = 4; lastKnownFileType = sourcecode.c.objc; path = basicGraphicText.m; sourceTree = "<group>"; };
		C552E03F1BEE6500006453CC /* GraphicTextMixedViewController.h */ = {isa = PBXFileReference; fileEncoding = 4; lastKnownFileType = sourcecode.c.h; path = GraphicTextMixedViewController.h; sourceTree = "<group>"; };
		C552E0401BEE6500006453CC /* GraphicTextMixedViewController.m */ = {isa = PBXFileReference; fileEncoding = 4; lastKnownFileType = sourcecode.c.objc; path = GraphicTextMixedViewController.m; sourceTree = "<group>"; };
		C552E0411BEE6500006453CC /* GraphicTextMixedViewController.xib */ = {isa = PBXFileReference; fileEncoding = 4; lastKnownFileType = file.xib; path = GraphicTextMixedViewController.xib; sourceTree = "<group>"; };
		C552E0421BEE6500006453CC /* Info.plist */ = {isa = PBXFileReference; fileEncoding = 4; lastKnownFileType = text.plist.xml; name = Info.plist; path = ../Info.plist; sourceTree = "<group>"; };
		C552E0431BEE6500006453CC /* LD.pch */ = {isa = PBXFileReference; fileEncoding = 4; lastKnownFileType = sourcecode.c.h; path = LD.pch; sourceTree = "<group>"; };
		C552E0441BEE6500006453CC /* main.m */ = {isa = PBXFileReference; fileEncoding = 4; lastKnownFileType = sourcecode.c.objc; name = main.m; path = ../main.m; sourceTree = "<group>"; };
		C552E0451BEE6500006453CC /* MainVC.h */ = {isa = PBXFileReference; fileEncoding = 4; lastKnownFileType = sourcecode.c.h; path = MainVC.h; sourceTree = "<group>"; };
		C552E0461BEE6500006453CC /* MainVC.m */ = {isa = PBXFileReference; fileEncoding = 4; lastKnownFileType = sourcecode.c.objc; path = MainVC.m; sourceTree = "<group>"; };
		C552E0481BEE6500006453CC /* SecondTableVC.h */ = {isa = PBXFileReference; fileEncoding = 4; lastKnownFileType = sourcecode.c.h; path = SecondTableVC.h; sourceTree = "<group>"; };
		C552E0491BEE6500006453CC /* SecondTableVC.m */ = {isa = PBXFileReference; fileEncoding = 4; lastKnownFileType = sourcecode.c.objc; path = SecondTableVC.m; sourceTree = "<group>"; };
		C552E04B1BEE6500006453CC /* TestVC01.h */ = {isa = PBXFileReference; fileEncoding = 4; lastKnownFileType = sourcecode.c.h; path = TestVC01.h; sourceTree = "<group>"; };
		C552E04C1BEE6500006453CC /* TestVC01.m */ = {isa = PBXFileReference; fileEncoding = 4; lastKnownFileType = sourcecode.c.objc; path = TestVC01.m; sourceTree = "<group>"; };
		C552E04D1BEE6500006453CC /* TestVC01.xib */ = {isa = PBXFileReference; fileEncoding = 4; lastKnownFileType = file.xib; path = TestVC01.xib; sourceTree = "<group>"; };
		C58861E51BE4D2AD008AB8D3 /* SettingTableView.app */ = {isa = PBXFileReference; explicitFileType = wrapper.application; includeInIndex = 0; path = SettingTableView.app; sourceTree = BUILT_PRODUCTS_DIR; };
		C58861E81BE4D2AD008AB8D3 /* main.m */ = {isa = PBXFileReference; lastKnownFileType = sourcecode.c.objc; path = main.m; sourceTree = "<group>"; };
		C58861EA1BE4D2AD008AB8D3 /* AppDelegate.h */ = {isa = PBXFileReference; lastKnownFileType = sourcecode.c.h; path = AppDelegate.h; sourceTree = "<group>"; };
		C58861EB1BE4D2AD008AB8D3 /* AppDelegate.m */ = {isa = PBXFileReference; lastKnownFileType = sourcecode.c.objc; path = AppDelegate.m; sourceTree = "<group>"; };
		C58861F31BE4D2AD008AB8D3 /* Assets.xcassets */ = {isa = PBXFileReference; lastKnownFileType = folder.assetcatalog; path = Assets.xcassets; sourceTree = "<group>"; };
		C58861F61BE4D2AD008AB8D3 /* Base */ = {isa = PBXFileReference; lastKnownFileType = file.storyboard; name = Base; path = Base.lproj/LaunchScreen.storyboard; sourceTree = "<group>"; };
		C58861F81BE4D2AE008AB8D3 /* Info.plist */ = {isa = PBXFileReference; lastKnownFileType = text.plist.xml; path = Info.plist; sourceTree = "<group>"; };
		C58861FC1BE4D7CD008AB8D3 /* NavcViewController.h */ = {isa = PBXFileReference; fileEncoding = 4; lastKnownFileType = sourcecode.c.h; path = NavcViewController.h; sourceTree = "<group>"; };
		C58861FD1BE4D7CD008AB8D3 /* NavcViewController.m */ = {isa = PBXFileReference; fileEncoding = 4; lastKnownFileType = sourcecode.c.objc; path = NavcViewController.m; sourceTree = "<group>"; };
		C58861FF1BE4D80D008AB8D3 /* SettingTableVC.h */ = {isa = PBXFileReference; fileEncoding = 4; lastKnownFileType = sourcecode.c.h; path = SettingTableVC.h; sourceTree = "<group>"; };
		C58862001BE4D80D008AB8D3 /* SettingTableVC.m */ = {isa = PBXFileReference; fileEncoding = 4; lastKnownFileType = sourcecode.c.objc; path = SettingTableVC.m; sourceTree = "<group>"; };
		C58862061BE4DA30008AB8D3 /* MonsterDemo.app */ = {isa = PBXFileReference; explicitFileType = wrapper.application; includeInIndex = 0; path = MonsterDemo.app; sourceTree = BUILT_PRODUCTS_DIR; };
		C588621F1BE4E2FE008AB8D3 /* SettingItem.h */ = {isa = PBXFileReference; fileEncoding = 4; lastKnownFileType = sourcecode.c.h; path = SettingItem.h; sourceTree = "<group>"; };
		C58862201BE4E2FE008AB8D3 /* SettingItem.m */ = {isa = PBXFileReference; fileEncoding = 4; lastKnownFileType = sourcecode.c.objc; path = SettingItem.m; sourceTree = "<group>"; };
		C58862221BE4E513008AB8D3 /* SettingArrowDestItem.h */ = {isa = PBXFileReference; fileEncoding = 4; lastKnownFileType = sourcecode.c.h; path = SettingArrowDestItem.h; sourceTree = "<group>"; };
		C58862231BE4E513008AB8D3 /* SettingArrowDestItem.m */ = {isa = PBXFileReference; fileEncoding = 4; lastKnownFileType = sourcecode.c.objc; path = SettingArrowDestItem.m; sourceTree = "<group>"; };
		C58862251BE4E579008AB8D3 /* SettingGroup.h */ = {isa = PBXFileReference; fileEncoding = 4; lastKnownFileType = sourcecode.c.h; path = SettingGroup.h; sourceTree = "<group>"; };
		C58862261BE4E579008AB8D3 /* SettingGroup.m */ = {isa = PBXFileReference; fileEncoding = 4; lastKnownFileType = sourcecode.c.objc; path = SettingGroup.m; sourceTree = "<group>"; };
		C5C719A31BE6D43800C99C2B /* TestVC.h */ = {isa = PBXFileReference; fileEncoding = 4; lastKnownFileType = sourcecode.c.h; path = TestVC.h; sourceTree = "<group>"; };
		C5C719A41BE6D43800C99C2B /* TestVC.m */ = {isa = PBXFileReference; fileEncoding = 4; lastKnownFileType = sourcecode.c.objc; path = TestVC.m; sourceTree = "<group>"; };
		C5C719A51BE6D43800C99C2B /* TestVC.xib */ = {isa = PBXFileReference; fileEncoding = 4; lastKnownFileType = file.xib; path = TestVC.xib; sourceTree = "<group>"; };
		C5C719A91BE6D67100C99C2B /* SettingCell.h */ = {isa = PBXFileReference; fileEncoding = 4; lastKnownFileType = sourcecode.c.h; path = SettingCell.h; sourceTree = "<group>"; };
		C5C719AA1BE6D67100C99C2B /* SettingCell.m */ = {isa = PBXFileReference; fileEncoding = 4; lastKnownFileType = sourcecode.c.objc; path = SettingCell.m; sourceTree = "<group>"; };
		FD6DA3B07B3E31B349E09955 /* Pods.debug.xcconfig */ = {isa = PBXFileReference; includeInIndex = 1; lastKnownFileType = text.xcconfig; name = Pods.debug.xcconfig; path = "Pods/Target Support Files/Pods/Pods.debug.xcconfig"; sourceTree = "<group>"; };
/* End PBXFileReference section */

/* Begin PBXFrameworksBuildPhase section */
		C58861E21BE4D2AD008AB8D3 /* Frameworks */ = {
			isa = PBXFrameworksBuildPhase;
			buildActionMask = 2147483647;
			files = (
			);
			runOnlyForDeploymentPostprocessing = 0;
		};
		C58862031BE4DA30008AB8D3 /* Frameworks */ = {
			isa = PBXFrameworksBuildPhase;
			buildActionMask = 2147483647;
			files = (
			);
			runOnlyForDeploymentPostprocessing = 0;
		};
/* End PBXFrameworksBuildPhase section */

/* Begin PBXGroup section */
		706567A41C3914D8004E3071 /* DDKit */ = {
			isa = PBXGroup;
			children = (
			);
			path = DDKit;
			sourceTree = "<group>";
		};
		708508F71C56746C0039E403 /* Category */ = {
			isa = PBXGroup;
			children = (
				708508F81C56746C0039E403 /* NSArray+Log.h */,
				708508F91C56746C0039E403 /* NSArray+Log.m */,
				708508FA1C56746C0039E403 /* NSDate+Ext.h */,
				708508FB1C56746C0039E403 /* NSDate+Ext.m */,
				708508FC1C56746C0039E403 /* UIBarButtonItem+Ext.h */,
				708508FD1C56746C0039E403 /* UIBarButtonItem+Ext.m */,
				708508FE1C56746C0039E403 /* UIImage+Ext.h */,
				708508FF1C56746C0039E403 /* UIImage+Ext.m */,
				708509001C56746C0039E403 /* UIView+DD.h */,
				708509011C56746C0039E403 /* UIView+DD.m */,
			);
			path = Category;
			sourceTree = "<group>";
		};
		BB019DF7AD06C42669DBB42D /* Frameworks */ = {
			isa = PBXGroup;
			children = (
				4A880D62DAE6363013C30853 /* libPods.a */,
			);
			name = Frameworks;
			sourceTree = "<group>";
		};
		C52673A71BF145E90057F04F /* Utility */ = {
			isa = PBXGroup;
			children = (
				708508F71C56746C0039E403 /* Category */,
			);
			path = Utility;
			sourceTree = "<group>";
		};
		C52673AB1BF14DCC0057F04F /* Libs */ = {
			isa = PBXGroup;
			children = (
			);
			path = Libs;
			sourceTree = "<group>";
		};
		C552E02F1BEE6500006453CC /* MonsterDemo */ = {
			isa = PBXGroup;
			children = (
				C52673AB1BF14DCC0057F04F /* Libs */,
				C52673A71BF145E90057F04F /* Utility */,
				C552E0391BEE6500006453CC /* First */,
				C552E0471BEE6500006453CC /* Second */,
				C552E0301BEE6500006453CC /* AppDelegate.h */,
				C552E0311BEE6500006453CC /* AppDelegate.m */,
				C552E0321BEE6500006453CC /* Assets.xcassets */,
				C552E0351BEE6500006453CC /* BaseNavcVC.h */,
				C552E0361BEE6500006453CC /* BaseNavcVC.m */,
				C552E0451BEE6500006453CC /* MainVC.h */,
				C552E0461BEE6500006453CC /* MainVC.m */,
				C552E0371BEE6500006453CC /* ExampleCellItem.h */,
				C552E0381BEE6500006453CC /* ExampleCellItem.m */,
				C552E0431BEE6500006453CC /* LD.pch */,
				C552E05D1BEE65BC006453CC /* Other */,
				C552E04A1BEE6500006453CC /* Test */,
			);
			path = MonsterDemo;
			sourceTree = "<group>";
		};
		C552E0391BEE6500006453CC /* First */ = {
			isa = PBXGroup;
			children = (
				C552E03A1BEE6500006453CC /* FirstTableVC.h */,
				C552E03B1BEE6500006453CC /* FirstTableVC.m */,
				C552E03C1BEE6500006453CC /* GraphicTextMixed */,
			);
			path = First;
			sourceTree = "<group>";
		};
		C552E03C1BEE6500006453CC /* GraphicTextMixed */ = {
			isa = PBXGroup;
			children = (
				C552E03F1BEE6500006453CC /* GraphicTextMixedViewController.h */,
				C552E0401BEE6500006453CC /* GraphicTextMixedViewController.m */,
				C552E0411BEE6500006453CC /* GraphicTextMixedViewController.xib */,
				C552E03D1BEE6500006453CC /* basicGraphicText.h */,
				C552E03E1BEE6500006453CC /* basicGraphicText.m */,
			);
			path = GraphicTextMixed;
			sourceTree = "<group>";
		};
		C552E0471BEE6500006453CC /* Second */ = {
			isa = PBXGroup;
			children = (
				C552E0481BEE6500006453CC /* SecondTableVC.h */,
				C552E0491BEE6500006453CC /* SecondTableVC.m */,
			);
			path = Second;
			sourceTree = "<group>";
		};
		C552E04A1BEE6500006453CC /* Test */ = {
			isa = PBXGroup;
			children = (
				C552E04B1BEE6500006453CC /* TestVC01.h */,
				C552E04C1BEE6500006453CC /* TestVC01.m */,
				C552E04D1BEE6500006453CC /* TestVC01.xib */,
			);
			path = Test;
			sourceTree = "<group>";
		};
		C552E05D1BEE65BC006453CC /* Other */ = {
			isa = PBXGroup;
			children = (
				C552E0441BEE6500006453CC /* main.m */,
				C552E0331BEE6500006453CC /* LaunchScreen.storyboard */,
				C552E0421BEE6500006453CC /* Info.plist */,
			);
			path = Other;
			sourceTree = "<group>";
		};
		C58861E61BE4D2AD008AB8D3 /* SettingTableView */ = {
			isa = PBXGroup;
			children = (
				C5C719A81BE6D63800C99C2B /* View */,
				C588621E1BE4E2EB008AB8D3 /* Model */,
				C58861EA1BE4D2AD008AB8D3 /* AppDelegate.h */,
				C58861EB1BE4D2AD008AB8D3 /* AppDelegate.m */,
				C58861FC1BE4D7CD008AB8D3 /* NavcViewController.h */,
				C58861FD1BE4D7CD008AB8D3 /* NavcViewController.m */,
				C58861FF1BE4D80D008AB8D3 /* SettingTableVC.h */,
				C58862001BE4D80D008AB8D3 /* SettingTableVC.m */,
				C58861F31BE4D2AD008AB8D3 /* Assets.xcassets */,
				C58861F51BE4D2AD008AB8D3 /* LaunchScreen.storyboard */,
				C58861F81BE4D2AE008AB8D3 /* Info.plist */,
				C58861E71BE4D2AD008AB8D3 /* Supporting Files */,
				C5C719A31BE6D43800C99C2B /* TestVC.h */,
				C5C719A41BE6D43800C99C2B /* TestVC.m */,
				C5C719A51BE6D43800C99C2B /* TestVC.xib */,
			);
			path = SettingTableView;
			sourceTree = "<group>";
		};
		C58861E71BE4D2AD008AB8D3 /* Supporting Files */ = {
			isa = PBXGroup;
			children = (
				C58861E81BE4D2AD008AB8D3 /* main.m */,
			);
			name = "Supporting Files";
			sourceTree = "<group>";
		};
		C588621E1BE4E2EB008AB8D3 /* Model */ = {
			isa = PBXGroup;
			children = (
				C588621F1BE4E2FE008AB8D3 /* SettingItem.h */,
				C58862201BE4E2FE008AB8D3 /* SettingItem.m */,
				C58862221BE4E513008AB8D3 /* SettingArrowDestItem.h */,
				C58862231BE4E513008AB8D3 /* SettingArrowDestItem.m */,
				C58862251BE4E579008AB8D3 /* SettingGroup.h */,
				C58862261BE4E579008AB8D3 /* SettingGroup.m */,
			);
			path = Model;
			sourceTree = "<group>";
		};
		C5B9306D1BE2E72A008D0AD2 = {
			isa = PBXGroup;
			children = (
				C5C1C2931BE9778B0062241C /* Third */,
				706567A41C3914D8004E3071 /* DDKit */,
				C58861E61BE4D2AD008AB8D3 /* SettingTableView */,
				C552E02F1BEE6500006453CC /* MonsterDemo */,
				C5B930771BE2E72A008D0AD2 /* Products */,
				FDD638C0DF092F594A0A0446 /* Pods */,
				BB019DF7AD06C42669DBB42D /* Frameworks */,
			);
			sourceTree = "<group>";
		};
		C5B930771BE2E72A008D0AD2 /* Products */ = {
			isa = PBXGroup;
			children = (
				C58861E51BE4D2AD008AB8D3 /* SettingTableView.app */,
				C58862061BE4DA30008AB8D3 /* MonsterDemo.app */,
			);
			name = Products;
			sourceTree = "<group>";
		};
		C5C1C2931BE9778B0062241C /* Third */ = {
			isa = PBXGroup;
			children = (
			);
			path = Third;
			sourceTree = "<group>";
		};
		C5C719A81BE6D63800C99C2B /* View */ = {
			isa = PBXGroup;
			children = (
				C5C719A91BE6D67100C99C2B /* SettingCell.h */,
				C5C719AA1BE6D67100C99C2B /* SettingCell.m */,
			);
			path = View;
			sourceTree = "<group>";
		};
		FDD638C0DF092F594A0A0446 /* Pods */ = {
			isa = PBXGroup;
			children = (
				FD6DA3B07B3E31B349E09955 /* Pods.debug.xcconfig */,
				30C9DD1EDA5C07FCBA8D1370 /* Pods.release.xcconfig */,
			);
			name = Pods;
			sourceTree = "<group>";
		};
/* End PBXGroup section */

/* Begin PBXNativeTarget section */
		C58861E41BE4D2AD008AB8D3 /* SettingTableView */ = {
			isa = PBXNativeTarget;
			buildConfigurationList = C58861FB1BE4D2AE008AB8D3 /* Build configuration list for PBXNativeTarget "SettingTableView" */;
			buildPhases = (
				C58861E11BE4D2AD008AB8D3 /* Sources */,
				C58861E21BE4D2AD008AB8D3 /* Frameworks */,
				C58861E31BE4D2AD008AB8D3 /* Resources */,
			);
			buildRules = (
			);
			dependencies = (
			);
			name = SettingTableView;
			productName = SettingTableView;
			productReference = C58861E51BE4D2AD008AB8D3 /* SettingTableView.app */;
			productType = "com.apple.product-type.application";
		};
		C58862051BE4DA30008AB8D3 /* MonsterDemo */ = {
			isa = PBXNativeTarget;
			buildConfigurationList = C588621A1BE4DA30008AB8D3 /* Build configuration list for PBXNativeTarget "MonsterDemo" */;
			buildPhases = (
				C58862021BE4DA30008AB8D3 /* Sources */,
				C58862031BE4DA30008AB8D3 /* Frameworks */,
				C58862041BE4DA30008AB8D3 /* Resources */,
			);
			buildRules = (
			);
			dependencies = (
			);
			name = MonsterDemo;
			productName = MosterDemo;
			productReference = C58862061BE4DA30008AB8D3 /* MonsterDemo.app */;
			productType = "com.apple.product-type.application";
		};
/* End PBXNativeTarget section */

/* Begin PBXProject section */
		C5B9306E1BE2E72A008D0AD2 /* Project object */ = {
			isa = PBXProject;
			attributes = {
				LastUpgradeCheck = 0720;
				ORGANIZATIONNAME = lydsnm;
				TargetAttributes = {
					C58861E41BE4D2AD008AB8D3 = {
						CreatedOnToolsVersion = 7.0;
						DevelopmentTeam = 3FXLS2N7QR;
					};
					C58862051BE4DA30008AB8D3 = {
						CreatedOnToolsVersion = 7.0;
						DevelopmentTeam = 3FXLS2N7QR;
					};
				};
			};
			buildConfigurationList = C5B930711BE2E72A008D0AD2 /* Build configuration list for PBXProject "MonsterDemo" */;
			compatibilityVersion = "Xcode 3.2";
			developmentRegion = English;
			hasScannedForEncodings = 0;
			knownRegions = (
				en,
				Base,
			);
			mainGroup = C5B9306D1BE2E72A008D0AD2;
			productRefGroup = C5B930771BE2E72A008D0AD2 /* Products */;
			projectDirPath = "";
			projectRoot = "";
			targets = (
				C58861E41BE4D2AD008AB8D3 /* SettingTableView */,
				C58862051BE4DA30008AB8D3 /* MonsterDemo */,
			);
		};
/* End PBXProject section */

/* Begin PBXResourcesBuildPhase section */
		C58861E31BE4D2AD008AB8D3 /* Resources */ = {
			isa = PBXResourcesBuildPhase;
			buildActionMask = 2147483647;
			files = (
				C58861F71BE4D2AD008AB8D3 /* LaunchScreen.storyboard in Resources */,
				C58861F41BE4D2AD008AB8D3 /* Assets.xcassets in Resources */,
				C5C719A71BE6D43800C99C2B /* TestVC.xib in Resources */,
			);
			runOnlyForDeploymentPostprocessing = 0;
		};
		C58862041BE4DA30008AB8D3 /* Resources */ = {
			isa = PBXResourcesBuildPhase;
			buildActionMask = 2147483647;
			files = (
				C552E04F1BEE6500006453CC /* Assets.xcassets in Resources */,
				C552E0501BEE6500006453CC /* LaunchScreen.storyboard in Resources */,
				C552E05C1BEE6500006453CC /* TestVC01.xib in Resources */,
				C552E0561BEE6500006453CC /* GraphicTextMixedViewController.xib in Resources */,
			);
			runOnlyForDeploymentPostprocessing = 0;
		};
/* End PBXResourcesBuildPhase section */

/* Begin PBXSourcesBuildPhase section */
		C58861E11BE4D2AD008AB8D3 /* Sources */ = {
			isa = PBXSourcesBuildPhase;
			buildActionMask = 2147483647;
			files = (
				C58861EC1BE4D2AD008AB8D3 /* AppDelegate.m in Sources */,
				C58861E91BE4D2AD008AB8D3 /* main.m in Sources */,
				C5C719AB1BE6D67100C99C2B /* SettingCell.m in Sources */,
				C58862211BE4E2FE008AB8D3 /* SettingItem.m in Sources */,
				C58862271BE4E579008AB8D3 /* SettingGroup.m in Sources */,
				C5C719A61BE6D43800C99C2B /* TestVC.m in Sources */,
				C58862241BE4E513008AB8D3 /* SettingArrowDestItem.m in Sources */,
				C58862011BE4D80D008AB8D3 /* SettingTableVC.m in Sources */,
				C58861FE1BE4D7CD008AB8D3 /* NavcViewController.m in Sources */,
			);
			runOnlyForDeploymentPostprocessing = 0;
		};
		C58862021BE4DA30008AB8D3 /* Sources */ = {
			isa = PBXSourcesBuildPhase;
			buildActionMask = 2147483647;
			files = (
				C552E05A1BEE6500006453CC /* SecondTableVC.m in Sources */,
				708509051C56746C0039E403 /* UIImage+Ext.m in Sources */,
				C552E04E1BEE6500006453CC /* AppDelegate.m in Sources */,
				C552E0591BEE6500006453CC /* MainVC.m in Sources */,
				C552E05B1BEE6500006453CC /* TestVC01.m in Sources */,
				C552E0511BEE6500006453CC /* BaseNavcVC.m in Sources */,
				C552E0551BEE6500006453CC /* GraphicTextMixedViewController.m in Sources */,
				708509021C56746C0039E403 /* NSArray+Log.m in Sources */,
				708509061C56746C0039E403 /* UIView+DD.m in Sources */,
				C552E0521BEE6500006453CC /* ExampleCellItem.m in Sources */,
				708509031C56746C0039E403 /* NSDate+Ext.m in Sources */,
				C552E0541BEE6500006453CC /* basicGraphicText.m in Sources */,
				708509041C56746C0039E403 /* UIBarButtonItem+Ext.m in Sources */,
				C552E0581BEE6500006453CC /* main.m in Sources */,
				C552E0531BEE6500006453CC /* FirstTableVC.m in Sources */,
			);
			runOnlyForDeploymentPostprocessing = 0;
		};
/* End PBXSourcesBuildPhase section */

/* Begin PBXVariantGroup section */
		C552E0331BEE6500006453CC /* LaunchScreen.storyboard */ = {
			isa = PBXVariantGroup;
			children = (
				C552E0341BEE6500006453CC /* Base */,
			);
			name = LaunchScreen.storyboard;
			path = ..;
			sourceTree = "<group>";
		};
		C58861F51BE4D2AD008AB8D3 /* LaunchScreen.storyboard */ = {
			isa = PBXVariantGroup;
			children = (
				C58861F61BE4D2AD008AB8D3 /* Base */,
			);
			name = LaunchScreen.storyboard;
			sourceTree = "<group>";
		};
/* End PBXVariantGroup section */

/* Begin XCBuildConfiguration section */
		C58861F91BE4D2AE008AB8D3 /* Debug */ = {
			isa = XCBuildConfiguration;
			buildSettings = {
				ASSETCATALOG_COMPILER_APPICON_NAME = AppIcon;
				INFOPLIST_FILE = SettingTableView/Info.plist;
				LD_RUNPATH_SEARCH_PATHS = "$(inherited) @executable_path/Frameworks";
				PRODUCT_BUNDLE_IDENTIFIER = com.lyds.SettingTableView;
				PRODUCT_NAME = "$(TARGET_NAME)";
			};
			name = Debug;
		};
		C58861FA1BE4D2AE008AB8D3 /* Release */ = {
			isa = XCBuildConfiguration;
			buildSettings = {
				ASSETCATALOG_COMPILER_APPICON_NAME = AppIcon;
				INFOPLIST_FILE = SettingTableView/Info.plist;
				LD_RUNPATH_SEARCH_PATHS = "$(inherited) @executable_path/Frameworks";
				PRODUCT_BUNDLE_IDENTIFIER = com.lyds.SettingTableView;
				PRODUCT_NAME = "$(TARGET_NAME)";
			};
			name = Release;
		};
		C588621B1BE4DA30008AB8D3 /* Debug */ = {
			isa = XCBuildConfiguration;
			buildSettings = {
				ASSETCATALOG_COMPILER_APPICON_NAME = AppIcon;
				GCC_PRECOMPILE_PREFIX_HEADER = YES;
				GCC_PREFIX_HEADER = $SRCROOT/MonsterDemo/LD.pch;
				INFOPLIST_FILE = MonsterDemo/Info.plist;
				IPHONEOS_DEPLOYMENT_TARGET = 8.0;
				LD_RUNPATH_SEARCH_PATHS = "$(inherited) @executable_path/Frameworks";
				PRODUCT_BUNDLE_IDENTIFIER = com.lyds.MonsterDemo;
				PRODUCT_NAME = "$(TARGET_NAME)";
				TARGETED_DEVICE_FAMILY = "1,2";
				USER_HEADER_SEARCH_PATHS = "${SRCROOT}/**";
			};
			name = Debug;
		};
		C588621C1BE4DA30008AB8D3 /* Release */ = {
			isa = XCBuildConfiguration;
			buildSettings = {
				ASSETCATALOG_COMPILER_APPICON_NAME = AppIcon;
				GCC_PRECOMPILE_PREFIX_HEADER = YES;
				GCC_PREFIX_HEADER = $SRCROOT/MonsterDemo/LD.pch;
				INFOPLIST_FILE = MonsterDemo/Info.plist;
				IPHONEOS_DEPLOYMENT_TARGET = 8.0;
				LD_RUNPATH_SEARCH_PATHS = "$(inherited) @executable_path/Frameworks";
				PRODUCT_BUNDLE_IDENTIFIER = com.lyds.MonsterDemo;
				PRODUCT_NAME = "$(TARGET_NAME)";
				TARGETED_DEVICE_FAMILY = "1,2";
				USER_HEADER_SEARCH_PATHS = "${SRCROOT}/**";
			};
			name = Release;
		};
		C5B9308B1BE2E72A008D0AD2 /* Debug */ = {
			isa = XCBuildConfiguration;
			buildSettings = {
				ALWAYS_SEARCH_USER_PATHS = NO;
				CLANG_CXX_LANGUAGE_STANDARD = "gnu++0x";
				CLANG_CXX_LIBRARY = "libc++";
				CLANG_ENABLE_MODULES = YES;
				CLANG_ENABLE_OBJC_ARC = YES;
				CLANG_WARN_BOOL_CONVERSION = YES;
				CLANG_WARN_CONSTANT_CONVERSION = YES;
				CLANG_WARN_DIRECT_OBJC_ISA_USAGE = YES_ERROR;
				CLANG_WARN_EMPTY_BODY = YES;
				CLANG_WARN_ENUM_CONVERSION = YES;
				CLANG_WARN_INT_CONVERSION = YES;
				CLANG_WARN_OBJC_ROOT_CLASS = YES_ERROR;
				CLANG_WARN_UNREACHABLE_CODE = YES;
				CLANG_WARN__DUPLICATE_METHOD_MATCH = YES;
				"CODE_SIGN_IDENTITY[sdk=iphoneos*]" = "iPhone Developer";
				COPY_PHASE_STRIP = NO;
				DEBUG_INFORMATION_FORMAT = dwarf;
				ENABLE_STRICT_OBJC_MSGSEND = YES;
				ENABLE_TESTABILITY = YES;
				GCC_C_LANGUAGE_STANDARD = gnu99;
				GCC_DYNAMIC_NO_PIC = NO;
				GCC_NO_COMMON_BLOCKS = YES;
				GCC_OPTIMIZATION_LEVEL = 0;
				GCC_PREPROCESSOR_DEFINITIONS = (
					"DEBUG=1",
					"$(inherited)",
				);
				GCC_WARN_64_TO_32_BIT_CONVERSION = YES;
				GCC_WARN_ABOUT_RETURN_TYPE = YES_ERROR;
				GCC_WARN_UNDECLARED_SELECTOR = YES;
				GCC_WARN_UNINITIALIZED_AUTOS = YES_AGGRESSIVE;
				GCC_WARN_UNUSED_FUNCTION = YES;
				GCC_WARN_UNUSED_VARIABLE = YES;
				IPHONEOS_DEPLOYMENT_TARGET = 9.0;
				MTL_ENABLE_DEBUG_INFO = YES;
				ONLY_ACTIVE_ARCH = YES;
				SDKROOT = iphoneos;
			};
			name = Debug;
		};
		C5B9308C1BE2E72A008D0AD2 /* Release */ = {
			isa = XCBuildConfiguration;
			buildSettings = {
				ALWAYS_SEARCH_USER_PATHS = NO;
				CLANG_CXX_LANGUAGE_STANDARD = "gnu++0x";
				CLANG_CXX_LIBRARY = "libc++";
				CLANG_ENABLE_MODULES = YES;
				CLANG_ENABLE_OBJC_ARC = YES;
				CLANG_WARN_BOOL_CONVERSION = YES;
				CLANG_WARN_CONSTANT_CONVERSION = YES;
				CLANG_WARN_DIRECT_OBJC_ISA_USAGE = YES_ERROR;
				CLANG_WARN_EMPTY_BODY = YES;
				CLANG_WARN_ENUM_CONVERSION = YES;
				CLANG_WARN_INT_CONVERSION = YES;
				CLANG_WARN_OBJC_ROOT_CLASS = YES_ERROR;
				CLANG_WARN_UNREACHABLE_CODE = YES;
				CLANG_WARN__DUPLICATE_METHOD_MATCH = YES;
				"CODE_SIGN_IDENTITY[sdk=iphoneos*]" = "iPhone Developer";
				COPY_PHASE_STRIP = NO;
				DEBUG_INFORMATION_FORMAT = "dwarf-with-dsym";
				ENABLE_NS_ASSERTIONS = NO;
				ENABLE_STRICT_OBJC_MSGSEND = YES;
				GCC_C_LANGUAGE_STANDARD = gnu99;
				GCC_NO_COMMON_BLOCKS = YES;
				GCC_WARN_64_TO_32_BIT_CONVERSION = YES;
				GCC_WARN_ABOUT_RETURN_TYPE = YES_ERROR;
				GCC_WARN_UNDECLARED_SELECTOR = YES;
				GCC_WARN_UNINITIALIZED_AUTOS = YES_AGGRESSIVE;
				GCC_WARN_UNUSED_FUNCTION = YES;
				GCC_WARN_UNUSED_VARIABLE = YES;
				IPHONEOS_DEPLOYMENT_TARGET = 9.0;
				MTL_ENABLE_DEBUG_INFO = NO;
				SDKROOT = iphoneos;
				VALIDATE_PRODUCT = YES;
			};
			name = Release;
		};
/* End XCBuildConfiguration section */

/* Begin XCConfigurationList section */
		C58861FB1BE4D2AE008AB8D3 /* Build configuration list for PBXNativeTarget "SettingTableView" */ = {
			isa = XCConfigurationList;
			buildConfigurations = (
				C58861F91BE4D2AE008AB8D3 /* Debug */,
				C58861FA1BE4D2AE008AB8D3 /* Release */,
			);
			defaultConfigurationIsVisible = 0;
			defaultConfigurationName = Release;
		};
		C588621A1BE4DA30008AB8D3 /* Build configuration list for PBXNativeTarget "MonsterDemo" */ = {
			isa = XCConfigurationList;
			buildConfigurations = (
				C588621B1BE4DA30008AB8D3 /* Debug */,
				C588621C1BE4DA30008AB8D3 /* Release */,
			);
			defaultConfigurationIsVisible = 0;
			defaultConfigurationName = Release;
		};
		C5B930711BE2E72A008D0AD2 /* Build configuration list for PBXProject "MonsterDemo" */ = {
			isa = XCConfigurationList;
			buildConfigurations = (
				C5B9308B1BE2E72A008D0AD2 /* Debug */,
				C5B9308C1BE2E72A008D0AD2 /* Release */,
			);
			defaultConfigurationIsVisible = 0;
			defaultConfigurationName = Release;
		};
/* End XCConfigurationList section */
	};
	rootObject = C5B9306E1BE2E72A008D0AD2 /* Project object */;
}
